
Microsoft Visual Studio Solution File, Format Version 12.00
# Visual Studio Version 17
VisualStudioVersion = 17.3.32929.385
MinimumVisualStudioVersion = 10.0.40219.1
Project("{FAE04EC0-301F-11D3-BF4B-00C04F79EFBC}") = "FaturaDuzenleme", "FaturaDuzenleme\FaturaDuzenleme.csproj", "{2DF1C550-895C-43D2-83DC-C37530875929}"
EndProject
Project("{FAE04EC0-301F-11D3-BF4B-00C04F79EFBC}") = "FormFatura", "FormFatura\FormFatura.csproj", "{68EA9DA4-F306-4389-8CB2-B3DC183F31A3}"
EndProject
Global
	GlobalSection(SolutionConfigurationPlatforms) = preSolution
		Debug|Any CPU = Debug|Any CPU
		Release|Any CPU = Release|Any CPU
	EndGlobalSection
	GlobalSection(ProjectConfigurationPlatforms) = postSolution
		{2DF1C550-895C-43D2-83DC-C37530875929}.Debug|Any CPU.ActiveCfg = Debug|Any CPU
		{2DF1C550-895C-43D2-83DC-C37530875929}.Debug|Any CPU.Build.0 = Debug|Any CPU
		{2DF1C550-895C-43D2-83DC-C37530875929}.Release|Any CPU.ActiveCfg = Release|Any CPU
		{2DF1C550-895C-43D2-83DC-C37530875929}.Release|Any CPU.Build.0 = Release|Any CPU
		{68EA9DA4-F306-4389-8CB2-B3DC183F31A3}.Debug|Any CPU.ActiveCfg = Debug|Any CPU
		{68EA9DA4-F306-4389-8CB2-B3DC183F31A3}.Debug|Any CPU.Build.0 = Debug|Any CPU
		{68EA9DA4-F306-4389-8CB2-B3DC183F31A3}.Release|Any CPU.ActiveCfg = Release|Any CPU
		{68EA9DA4-F306-4389-8CB2-B3DC183F31A3}.Release|Any CPU.Build.0 = Release|Any CPU
	EndGlobalSection
	GlobalSection(SolutionProperties) = preSolution
		HideSolutionNode = FALSE
	EndGlobalSection
	GlobalSection(ExtensibilityGlobals) = postSolution
		SolutionGuid = {90025144-AA47-4DB7-B3E6-7BED929508BA}
	EndGlobalSection
EndGlobal
